
Microsoft Visual Studio Solution File, Format Version 12.00
# Visual Studio Version 17
VisualStudioVersion = 17.1.32228.430
MinimumVisualStudioVersion = 10.0.40219.1
Project("{FAE04EC0-301F-11D3-BF4B-00C04F79EFBC}") = "NetSwagOrderingApp.Android", "NetSwagOrderingApp\NetSwagOrderingApp.Android\NetSwagOrderingApp.Android.csproj", "{982FCEB8-C652-4C47-A058-6F0CA2996EDE}"
EndProject
Project("{FAE04EC0-301F-11D3-BF4B-00C04F79EFBC}") = "NetSwagOrderingApp.iOS", "NetSwagOrderingApp\NetSwagOrderingApp.iOS\NetSwagOrderingApp.iOS.csproj", "{33107CDE-CD4D-4530-B7B2-EFDAFF3330AC}"
EndProject
Project("{FAE04EC0-301F-11D3-BF4B-00C04F79EFBC}") = "NetSwagOrderingApp", "NetSwagOrderingApp\NetSwagOrderingApp\NetSwagOrderingApp.csproj", "{64DED166-C0EB-4A42-9919-8FB9DC6A6CD2}"
EndProject
Global
	GlobalSection(SolutionConfigurationPlatforms) = preSolution
		Debug|Any CPU = Debug|Any CPU
		Debug|iPhone = Debug|iPhone
		Debug|iPhoneSimulator = Debug|iPhoneSimulator
		Release|Any CPU = Release|Any CPU
		Release|iPhone = Release|iPhone
		Release|iPhoneSimulator = Release|iPhoneSimulator
	EndGlobalSection
	GlobalSection(ProjectConfigurationPlatforms) = postSolution
		{982FCEB8-C652-4C47-A058-6F0CA2996EDE}.Debug|Any CPU.ActiveCfg = Debug|Any CPU
		{982FCEB8-C652-4C47-A058-6F0CA2996EDE}.Debug|Any CPU.Build.0 = Debug|Any CPU
		{982FCEB8-C652-4C47-A058-6F0CA2996EDE}.Debug|Any CPU.Deploy.0 = Debug|Any CPU
		{982FCEB8-C652-4C47-A058-6F0CA2996EDE}.Debug|iPhone.ActiveCfg = Debug|Any CPU
		{982FCEB8-C652-4C47-A058-6F0CA2996EDE}.Debug|iPhone.Build.0 = Debug|Any CPU
		{982FCEB8-C652-4C47-A058-6F0CA2996EDE}.Debug|iPhone.Deploy.0 = Debug|Any CPU
		{982FCEB8-C652-4C47-A058-6F0CA2996EDE}.Debug|iPhoneSimulator.ActiveCfg = Debug|Any CPU
		{982FCEB8-C652-4C47-A058-6F0CA2996EDE}.Debug|iPhoneSimulator.Build.0 = Debug|Any CPU
		{982FCEB8-C652-4C47-A058-6F0CA2996EDE}.Debug|iPhoneSimulator.Deploy.0 = Debug|Any CPU
		{982FCEB8-C652-4C47-A058-6F0CA2996EDE}.Release|Any CPU.ActiveCfg = Release|Any CPU
		{982FCEB8-C652-4C47-A058-6F0CA2996EDE}.Release|Any CPU.Build.0 = Release|Any CPU
		{982FCEB8-C652-4C47-A058-6F0CA2996EDE}.Release|Any CPU.Deploy.0 = Release|Any CPU
		{982FCEB8-C652-4C47-A058-6F0CA2996EDE}.Release|iPhone.ActiveCfg = Release|Any CPU
		{982FCEB8-C652-4C47-A058-6F0CA2996EDE}.Release|iPhone.Build.0 = Release|Any CPU
		{982FCEB8-C652-4C47-A058-6F0CA2996EDE}.Release|iPhone.Deploy.0 = Release|Any CPU
		{982FCEB8-C652-4C47-A058-6F0CA2996EDE}.Release|iPhoneSimulator.ActiveCfg = Release|Any CPU
		{982FCEB8-C652-4C47-A058-6F0CA2996EDE}.Release|iPhoneSimulator.Build.0 = Release|Any CPU
		{982FCEB8-C652-4C47-A058-6F0CA2996EDE}.Release|iPhoneSimulator.Deploy.0 = Release|Any CPU
		{33107CDE-CD4D-4530-B7B2-EFDAFF3330AC}.Debug|Any CPU.ActiveCfg = Debug|iPhone
		{33107CDE-CD4D-4530-B7B2-EFDAFF3330AC}.Debug|Any CPU.Build.0 = Debug|iPhone
		{33107CDE-CD4D-4530-B7B2-EFDAFF3330AC}.Debug|Any CPU.Deploy.0 = Debug|iPhone
		{33107CDE-CD4D-4530-B7B2-EFDAFF3330AC}.Debug|iPhone.ActiveCfg = Debug|iPhone
		{33107CDE-CD4D-4530-B7B2-EFDAFF3330AC}.Debug|iPhone.Build.0 = Debug|iPhone
		{33107CDE-CD4D-4530-B7B2-EFDAFF3330AC}.Debug|iPhone.Deploy.0 = Debug|iPhone
		{33107CDE-CD4D-4530-B7B2-EFDAFF3330AC}.Debug|iPhoneSimulator.ActiveCfg = Debug|iPhoneSimulator
		{33107CDE-CD4D-4530-B7B2-EFDAFF3330AC}.Debug|iPhoneSimulator.Build.0 = Debug|iPhoneSimulator
		{33107CDE-CD4D-4530-B7B2-EFDAFF3330AC}.Debug|iPhoneSimulator.Deploy.0 = Debug|iPhoneSimulator
		{33107CDE-CD4D-4530-B7B2-EFDAFF3330AC}.Release|Any CPU.ActiveCfg = Release|iPhoneSimulator
		{33107CDE-CD4D-4530-B7B2-EFDAFF3330AC}.Release|Any CPU.Build.0 = Release|iPhoneSimulator
		{33107CDE-CD4D-4530-B7B2-EFDAFF3330AC}.Release|Any CPU.Deploy.0 = Release|iPhoneSimulator
		{33107CDE-CD4D-4530-B7B2-EFDAFF3330AC}.Release|iPhone.ActiveCfg = Release|iPhone
		{33107CDE-CD4D-4530-B7B2-EFDAFF3330AC}.Release|iPhone.Build.0 = Release|iPhone
		{33107CDE-CD4D-4530-B7B2-EFDAFF3330AC}.Release|iPhone.Deploy.0 = Release|iPhone
		{33107CDE-CD4D-4530-B7B2-EFDAFF3330AC}.Release|iPhoneSimulator.ActiveCfg = Release|iPhoneSimulator
		{33107CDE-CD4D-4530-B7B2-EFDAFF3330AC}.Release|iPhoneSimulator.Build.0 = Release|iPhoneSimulator
		{33107CDE-CD4D-4530-B7B2-EFDAFF3330AC}.Release|iPhoneSimulator.Deploy.0 = Release|iPhoneSimulator
		{64DED166-C0EB-4A42-9919-8FB9DC6A6CD2}.Debug|Any CPU.ActiveCfg = Debug|Any CPU
		{64DED166-C0EB-4A42-9919-8FB9DC6A6CD2}.Debug|Any CPU.Build.0 = Debug|Any CPU
		{64DED166-C0EB-4A42-9919-8FB9DC6A6CD2}.Debug|Any CPU.Deploy.0 = Debug|Any CPU
		{64DED166-C0EB-4A42-9919-8FB9DC6A6CD2}.Debug|iPhone.ActiveCfg = Debug|Any CPU
		{64DED166-C0EB-4A42-9919-8FB9DC6A6CD2}.Debug|iPhone.Build.0 = Debug|Any CPU
		{64DED166-C0EB-4A42-9919-8FB9DC6A6CD2}.Debug|iPhone.Deploy.0 = Debug|Any CPU
		{64DED166-C0EB-4A42-9919-8FB9DC6A6CD2}.Debug|iPhoneSimulator.ActiveCfg = Debug|Any CPU
		{64DED166-C0EB-4A42-9919-8FB9DC6A6CD2}.Debug|iPhoneSimulator.Build.0 = Debug|Any CPU
		{64DED166-C0EB-4A42-9919-8FB9DC6A6CD2}.Debug|iPhoneSimulator.Deploy.0 = Debug|Any CPU
		{64DED166-C0EB-4A42-9919-8FB9DC6A6CD2}.Release|Any CPU.ActiveCfg = Release|Any CPU
		{64DED166-C0EB-4A42-9919-8FB9DC6A6CD2}.Release|Any CPU.Build.0 = Release|Any CPU
		{64DED166-C0EB-4A42-9919-8FB9DC6A6CD2}.Release|Any CPU.Deploy.0 = Release|Any CPU
		{64DED166-C0EB-4A42-9919-8FB9DC6A6CD2}.Release|iPhone.ActiveCfg = Release|Any CPU
		{64DED166-C0EB-4A42-9919-8FB9DC6A6CD2}.Release|iPhone.Build.0 = Release|Any CPU
		{64DED166-C0EB-4A42-9919-8FB9DC6A6CD2}.Release|iPhone.Deploy.0 = Release|Any CPU
		{64DED166-C0EB-4A42-9919-8FB9DC6A6CD2}.Release|iPhoneSimulator.ActiveCfg = Release|Any CPU
		{64DED166-C0EB-4A42-9919-8FB9DC6A6CD2}.Release|iPhoneSimulator.Build.0 = Release|Any CPU
		{64DED166-C0EB-4A42-9919-8FB9DC6A6CD2}.Release|iPhoneSimulator.Deploy.0 = Release|Any CPU
	EndGlobalSection
	GlobalSection(SolutionProperties) = preSolution
		HideSolutionNode = FALSE
	EndGlobalSection
	GlobalSection(ExtensibilityGlobals) = postSolution
		SolutionGuid = {A10BE68C-5885-4E3D-A040-B4EAD738FCF8}
	EndGlobalSection
EndGlobal
